// !$*UTF8*$!
{
	archiveVersion = 1;
	classes = {
	};
	objectVersion = 56;
	objects = {

/* Begin PBXBuildFile section */
		40114CAB29EA7ACC00D6DFA9 /* Video.swift in Sources */ = {isa = PBXBuildFile; fileRef = 40114CAA29EA7ACC00D6DFA9 /* Video.swift */; };
		4063FEFC29CF7E1B008A014C /* PCBDesignPresentationApp.swift in Sources */ = {isa = PBXBuildFile; fileRef = 4063FEFB29CF7E1B008A014C /* PCBDesignPresentationApp.swift */; };
		4063FEFE29CF7E1B008A014C /* ContentView.swift in Sources */ = {isa = PBXBuildFile; fileRef = 4063FEFD29CF7E1B008A014C /* ContentView.swift */; };
		4063FF0029CF7E1B008A014C /* Assets.xcassets in Resources */ = {isa = PBXBuildFile; fileRef = 4063FEFF29CF7E1B008A014C /* Assets.xcassets */; };
		4063FF0329CF7E1B008A014C /* Preview Assets.xcassets in Resources */ = {isa = PBXBuildFile; fileRef = 4063FF0229CF7E1B008A014C /* Preview Assets.xcassets */; };
		4063FF0B29CF7E40008A014C /* Slide.swift in Sources */ = {isa = PBXBuildFile; fileRef = 4063FF0A29CF7E40008A014C /* Slide.swift */; };
		4063FF0E29CF7EB7008A014C /* Title.swift in Sources */ = {isa = PBXBuildFile; fileRef = 4063FF0D29CF7EB7008A014C /* Title.swift */; };
		4063FF1029CF8160008A014C /* Presentation.swift in Sources */ = {isa = PBXBuildFile; fileRef = 4063FF0F29CF8160008A014C /* Presentation.swift */; };
		4063FF1229CF893E008A014C /* Loading.swift in Sources */ = {isa = PBXBuildFile; fileRef = 4063FF1129CF893E008A014C /* Loading.swift */; };
		4063FF1629D0F87E008A014C /* Circuits.swift in Sources */ = {isa = PBXBuildFile; fileRef = 4063FF1529D0F87E008A014C /* Circuits.swift */; };
		4090328729DB2D3F00582819 /* TimelineElement.swift in Sources */ = {isa = PBXBuildFile; fileRef = 4090328629DB2D3F00582819 /* TimelineElement.swift */; };
		4090328A29DB2D5400582819 /* TimelineView.swift in Sources */ = {isa = PBXBuildFile; fileRef = 4090328929DB2D5400582819 /* TimelineView.swift */; };
		4090328E29DB424100582819 /* PCBRender.swift in Sources */ = {isa = PBXBuildFile; fileRef = 4090328D29DB424100582819 /* PCBRender.swift */; };
		40F8F45D29EBAD670078730A /* ECETimeline.swift in Sources */ = {isa = PBXBuildFile; fileRef = 40F8F45C29EBAD670078730A /* ECETimeline.swift */; };
		40F8F45F29EBB6C80078730A /* KiCAD.swift in Sources */ = {isa = PBXBuildFile; fileRef = 40F8F45E29EBB6C80078730A /* KiCAD.swift */; };
/* End PBXBuildFile section */

/* Begin PBXFileReference section */
		40114CAA29EA7ACC00D6DFA9 /* Video.swift */ = {isa = PBXFileReference; lastKnownFileType = sourcecode.swift; path = Video.swift; sourceTree = "<group>"; };
		4063FEF829CF7E1B008A014C /* PCBDesignPresentation.app */ = {isa = PBXFileReference; explicitFileType = wrapper.application; includeInIndex = 0; path = PCBDesignPresentation.app; sourceTree = BUILT_PRODUCTS_DIR; };
		4063FEFB29CF7E1B008A014C /* PCBDesignPresentationApp.swift */ = {isa = PBXFileReference; lastKnownFileType = sourcecode.swift; path = PCBDesignPresentationApp.swift; sourceTree = "<group>"; };
		4063FEFD29CF7E1B008A014C /* ContentView.swift */ = {isa = PBXFileReference; lastKnownFileType = sourcecode.swift; path = ContentView.swift; sourceTree = "<group>"; };
		4063FEFF29CF7E1B008A014C /* Assets.xcassets */ = {isa = PBXFileReference; lastKnownFileType = folder.assetcatalog; path = Assets.xcassets; sourceTree = "<group>"; };
		4063FF0229CF7E1B008A014C /* Preview Assets.xcassets */ = {isa = PBXFileReference; lastKnownFileType = folder.assetcatalog; path = "Preview Assets.xcassets"; sourceTree = "<group>"; };
		4063FF0429CF7E1B008A014C /* PCBDesignPresentation.entitlements */ = {isa = PBXFileReference; lastKnownFileType = text.plist.entitlements; path = PCBDesignPresentation.entitlements; sourceTree = "<group>"; };
		4063FF0A29CF7E40008A014C /* Slide.swift */ = {isa = PBXFileReference; lastKnownFileType = sourcecode.swift; path = Slide.swift; sourceTree = "<group>"; };
		4063FF0D29CF7EB7008A014C /* Title.swift */ = {isa = PBXFileReference; lastKnownFileType = sourcecode.swift; path = Title.swift; sourceTree = "<group>"; };
		4063FF0F29CF8160008A014C /* Presentation.swift */ = {isa = PBXFileReference; lastKnownFileType = sourcecode.swift; path = Presentation.swift; sourceTree = "<group>"; };
		4063FF1129CF893E008A014C /* Loading.swift */ = {isa = PBXFileReference; lastKnownFileType = sourcecode.swift; path = Loading.swift; sourceTree = "<group>"; };
		4063FF1529D0F87E008A014C /* Circuits.swift */ = {isa = PBXFileReference; lastKnownFileType = sourcecode.swift; path = Circuits.swift; sourceTree = "<group>"; };
		4090328629DB2D3F00582819 /* TimelineElement.swift */ = {isa = PBXFileReference; lastKnownFileType = sourcecode.swift; path = TimelineElement.swift; sourceTree = "<group>"; };
		4090328929DB2D5400582819 /* TimelineView.swift */ = {isa = PBXFileReference; lastKnownFileType = sourcecode.swift; path = TimelineView.swift; sourceTree = "<group>"; };
		4090328D29DB424100582819 /* PCBRender.swift */ = {isa = PBXFileReference; lastKnownFileType = sourcecode.swift; path = PCBRender.swift; sourceTree = "<group>"; };
		40F8F45C29EBAD670078730A /* ECETimeline.swift */ = {isa = PBXFileReference; lastKnownFileType = sourcecode.swift; path = ECETimeline.swift; sourceTree = "<group>"; };
		40F8F45E29EBB6C80078730A /* KiCAD.swift */ = {isa = PBXFileReference; lastKnownFileType = sourcecode.swift; path = KiCAD.swift; sourceTree = "<group>"; };
/* End PBXFileReference section */

/* Begin PBXFrameworksBuildPhase section */
		4063FEF529CF7E1B008A014C /* Frameworks */ = {
			isa = PBXFrameworksBuildPhase;
			buildActionMask = 2147483647;
			files = (
			);
			runOnlyForDeploymentPostprocessing = 0;
		};
/* End PBXFrameworksBuildPhase section */

/* Begin PBXGroup section */
		4063FEEF29CF7E1B008A014C = {
			isa = PBXGroup;
			children = (
				4063FEFA29CF7E1B008A014C /* PCBDesignPresentation */,
				4063FEF929CF7E1B008A014C /* Products */,
			);
			sourceTree = "<group>";
		};
		4063FEF929CF7E1B008A014C /* Products */ = {
			isa = PBXGroup;
			children = (
				4063FEF829CF7E1B008A014C /* PCBDesignPresentation.app */,
			);
			name = Products;
			sourceTree = "<group>";
		};
		4063FEFA29CF7E1B008A014C /* PCBDesignPresentation */ = {
			isa = PBXGroup;
			children = (
				4063FEFB29CF7E1B008A014C /* PCBDesignPresentationApp.swift */,
				4063FEFD29CF7E1B008A014C /* ContentView.swift */,
				4063FF0F29CF8160008A014C /* Presentation.swift */,
				4063FF0A29CF7E40008A014C /* Slide.swift */,
				40114CAA29EA7ACC00D6DFA9 /* Video.swift */,
				4090328829DB2D4A00582819 /* Timeline */,
				4063FF0C29CF7E9F008A014C /* Slides */,
				4063FEFF29CF7E1B008A014C /* Assets.xcassets */,
				4063FF0429CF7E1B008A014C /* PCBDesignPresentation.entitlements */,
				4063FF0129CF7E1B008A014C /* Preview Content */,
			);
			path = PCBDesignPresentation;
			sourceTree = "<group>";
		};
		4063FF0129CF7E1B008A014C /* Preview Content */ = {
			isa = PBXGroup;
			children = (
				4063FF0229CF7E1B008A014C /* Preview Assets.xcassets */,
			);
			path = "Preview Content";
			sourceTree = "<group>";
		};
		4063FF0C29CF7E9F008A014C /* Slides */ = {
			isa = PBXGroup;
			children = (
				4063FF1129CF893E008A014C /* Loading.swift */,
				4063FF0D29CF7EB7008A014C /* Title.swift */,
				4063FF1529D0F87E008A014C /* Circuits.swift */,
				4090328D29DB424100582819 /* PCBRender.swift */,
				40F8F45C29EBAD670078730A /* ECETimeline.swift */,
				40F8F45E29EBB6C80078730A /* KiCAD.swift */,
			);
			path = Slides;
			sourceTree = "<group>";
		};
		4090328829DB2D4A00582819 /* Timeline */ = {
			isa = PBXGroup;
			children = (
				4090328629DB2D3F00582819 /* TimelineElement.swift */,
				4090328929DB2D5400582819 /* TimelineView.swift */,
			);
			path = Timeline;
			sourceTree = "<group>";
		};
/* End PBXGroup section */

/* Begin PBXNativeTarget section */
		4063FEF729CF7E1B008A014C /* PCBDesignPresentation */ = {
			isa = PBXNativeTarget;
			buildConfigurationList = 4063FF0729CF7E1B008A014C /* Build configuration list for PBXNativeTarget "PCBDesignPresentation" */;
			buildPhases = (
				4063FEF429CF7E1B008A014C /* Sources */,
				4063FEF529CF7E1B008A014C /* Frameworks */,
				4063FEF629CF7E1B008A014C /* Resources */,
			);
			buildRules = (
			);
			dependencies = (
			);
			name = PCBDesignPresentation;
			productName = PCBDesignPresentation;
			productReference = 4063FEF829CF7E1B008A014C /* PCBDesignPresentation.app */;
			productType = "com.apple.product-type.application";
		};
/* End PBXNativeTarget section */

/* Begin PBXProject section */
		4063FEF029CF7E1B008A014C /* Project object */ = {
			isa = PBXProject;
			attributes = {
				BuildIndependentTargetsInParallel = 1;
				LastSwiftUpdateCheck = 1420;
				LastUpgradeCheck = 1430;
				TargetAttributes = {
					4063FEF729CF7E1B008A014C = {
						CreatedOnToolsVersion = 14.2;
					};
				};
			};
			buildConfigurationList = 4063FEF329CF7E1B008A014C /* Build configuration list for PBXProject "PCBDesignPresentation" */;
			compatibilityVersion = "Xcode 14.0";
			developmentRegion = en;
			hasScannedForEncodings = 0;
			knownRegions = (
				en,
				Base,
			);
			mainGroup = 4063FEEF29CF7E1B008A014C;
			productRefGroup = 4063FEF929CF7E1B008A014C /* Products */;
			projectDirPath = "";
			projectRoot = "";
			targets = (
				4063FEF729CF7E1B008A014C /* PCBDesignPresentation */,
			);
		};
/* End PBXProject section */

/* Begin PBXResourcesBuildPhase section */
		4063FEF629CF7E1B008A014C /* Resources */ = {
			isa = PBXResourcesBuildPhase;
			buildActionMask = 2147483647;
			files = (
				4063FF0329CF7E1B008A014C /* Preview Assets.xcassets in Resources */,
				4063FF0029CF7E1B008A014C /* Assets.xcassets in Resources */,
			);
			runOnlyForDeploymentPostprocessing = 0;
		};
/* End PBXResourcesBuildPhase section */

/* Begin PBXSourcesBuildPhase section */
		4063FEF429CF7E1B008A014C /* Sources */ = {
			isa = PBXSourcesBuildPhase;
			buildActionMask = 2147483647;
			files = (
				40F8F45D29EBAD670078730A /* ECETimeline.swift in Sources */,
				4063FF0E29CF7EB7008A014C /* Title.swift in Sources */,
				4090328729DB2D3F00582819 /* TimelineElement.swift in Sources */,
				4063FF0B29CF7E40008A014C /* Slide.swift in Sources */,
				4063FF1629D0F87E008A014C /* Circuits.swift in Sources */,
				4063FEFE29CF7E1B008A014C /* ContentView.swift in Sources */,
				4090328E29DB424100582819 /* PCBRender.swift in Sources */,
				40F8F45F29EBB6C80078730A /* KiCAD.swift in Sources */,
				4063FF1029CF8160008A014C /* Presentation.swift in Sources */,
				40114CAB29EA7ACC00D6DFA9 /* Video.swift in Sources */,
				4063FF1229CF893E008A014C /* Loading.swift in Sources */,
				4090328A29DB2D5400582819 /* TimelineView.swift in Sources */,
				4063FEFC29CF7E1B008A014C /* PCBDesignPresentationApp.swift in Sources */,
			);
			runOnlyForDeploymentPostprocessing = 0;
		};
/* End PBXSourcesBuildPhase section */

/* Begin XCBuildConfiguration section */
		4063FF0529CF7E1B008A014C /* Debug */ = {
			isa = XCBuildConfiguration;
			buildSettings = {
				ALWAYS_SEARCH_USER_PATHS = NO;
				CLANG_ANALYZER_NONNULL = YES;
				CLANG_ANALYZER_NUMBER_OBJECT_CONVERSION = YES_AGGRESSIVE;
				CLANG_CXX_LANGUAGE_STANDARD = "gnu++20";
				CLANG_ENABLE_MODULES = YES;
				CLANG_ENABLE_OBJC_ARC = YES;
				CLANG_ENABLE_OBJC_WEAK = YES;
				CLANG_WARN_BLOCK_CAPTURE_AUTORELEASING = YES;
				CLANG_WARN_BOOL_CONVERSION = YES;
				CLANG_WARN_COMMA = YES;
				CLANG_WARN_CONSTANT_CONVERSION = YES;
				CLANG_WARN_DEPRECATED_OBJC_IMPLEMENTATIONS = YES;
				CLANG_WARN_DIRECT_OBJC_ISA_USAGE = YES_ERROR;
				CLANG_WARN_DOCUMENTATION_COMMENTS = YES;
				CLANG_WARN_EMPTY_BODY = YES;
				CLANG_WARN_ENUM_CONVERSION = YES;
				CLANG_WARN_INFINITE_RECURSION = YES;
				CLANG_WARN_INT_CONVERSION = YES;
				CLANG_WARN_NON_LITERAL_NULL_CONVERSION = YES;
				CLANG_WARN_OBJC_IMPLICIT_RETAIN_SELF = YES;
				CLANG_WARN_OBJC_LITERAL_CONVERSION = YES;
				CLANG_WARN_OBJC_ROOT_CLASS = YES_ERROR;
				CLANG_WARN_QUOTED_INCLUDE_IN_FRAMEWORK_HEADER = YES;
				CLANG_WARN_RANGE_LOOP_ANALYSIS = YES;
				CLANG_WARN_STRICT_PROTOTYPES = YES;
				CLANG_WARN_SUSPICIOUS_MOVE = YES;
				CLANG_WARN_UNGUARDED_AVAILABILITY = YES_AGGRESSIVE;
				CLANG_WARN_UNREACHABLE_CODE = YES;
				CLANG_WARN__DUPLICATE_METHOD_MATCH = YES;
				COPY_PHASE_STRIP = NO;
				DEAD_CODE_STRIPPING = YES;
				DEBUG_INFORMATION_FORMAT = dwarf;
				ENABLE_STRICT_OBJC_MSGSEND = YES;
				ENABLE_TESTABILITY = YES;
				GCC_C_LANGUAGE_STANDARD = gnu11;
				GCC_DYNAMIC_NO_PIC = NO;
				GCC_NO_COMMON_BLOCKS = YES;
				GCC_OPTIMIZATION_LEVEL = 0;
				GCC_PREPROCESSOR_DEFINITIONS = (
					"DEBUG=1",
					"$(inherited)",
				);
				GCC_WARN_64_TO_32_BIT_CONVERSION = YES;
				GCC_WARN_ABOUT_RETURN_TYPE = YES_ERROR;
				GCC_WARN_UNDECLARED_SELECTOR = YES;
				GCC_WARN_UNINITIALIZED_AUTOS = YES_AGGRESSIVE;
				GCC_WARN_UNUSED_FUNCTION = YES;
				GCC_WARN_UNUSED_VARIABLE = YES;
				MACOSX_DEPLOYMENT_TARGET = 13.1;
				MTL_ENABLE_DEBUG_INFO = INCLUDE_SOURCE;
				MTL_FAST_MATH = YES;
				ONLY_ACTIVE_ARCH = YES;
				SDKROOT = macosx;
				SWIFT_ACTIVE_COMPILATION_CONDITIONS = DEBUG;
				SWIFT_OPTIMIZATION_LEVEL = "-Onone";
			};
			name = Debug;
		};
		4063FF0629CF7E1B008A014C /* Release */ = {
			isa = XCBuildConfiguration;
			buildSettings = {
				ALWAYS_SEARCH_USER_PATHS = NO;
				CLANG_ANALYZER_NONNULL = YES;
				CLANG_ANALYZER_NUMBER_OBJECT_CONVERSION = YES_AGGRESSIVE;
				CLANG_CXX_LANGUAGE_STANDARD = "gnu++20";
				CLANG_ENABLE_MODULES = YES;
				CLANG_ENABLE_OBJC_ARC = YES;
				CLANG_ENABLE_OBJC_WEAK = YES;
				CLANG_WARN_BLOCK_CAPTURE_AUTORELEASING = YES;
				CLANG_WARN_BOOL_CONVERSION = YES;
				CLANG_WARN_COMMA = YES;
				CLANG_WARN_CONSTANT_CONVERSION = YES;
				CLANG_WARN_DEPRECATED_OBJC_IMPLEMENTATIONS = YES;
				CLANG_WARN_DIRECT_OBJC_ISA_USAGE = YES_ERROR;
				CLANG_WARN_DOCUMENTATION_COMMENTS = YES;
				CLANG_WARN_EMPTY_BODY = YES;
				CLANG_WARN_ENUM_CONVERSION = YES;
				CLANG_WARN_INFINITE_RECURSION = YES;
				CLANG_WARN_INT_CONVERSION = YES;
				CLANG_WARN_NON_LITERAL_NULL_CONVERSION = YES;
				CLANG_WARN_OBJC_IMPLICIT_RETAIN_SELF = YES;
				CLANG_WARN_OBJC_LITERAL_CONVERSION = YES;
				CLANG_WARN_OBJC_ROOT_CLASS = YES_ERROR;
				CLANG_WARN_QUOTED_INCLUDE_IN_FRAMEWORK_HEADER = YES;
				CLANG_WARN_RANGE_LOOP_ANALYSIS = YES;
				CLANG_WARN_STRICT_PROTOTYPES = YES;
				CLANG_WARN_SUSPICIOUS_MOVE = YES;
				CLANG_WARN_UNGUARDED_AVAILABILITY = YES_AGGRESSIVE;
				CLANG_WARN_UNREACHABLE_CODE = YES;
				CLANG_WARN__DUPLICATE_METHOD_MATCH = YES;
				COPY_PHASE_STRIP = NO;
				DEAD_CODE_STRIPPING = YES;
				DEBUG_INFORMATION_FORMAT = "dwarf-with-dsym";
				ENABLE_NS_ASSERTIONS = NO;
				ENABLE_STRICT_OBJC_MSGSEND = YES;
				GCC_C_LANGUAGE_STANDARD = gnu11;
				GCC_NO_COMMON_BLOCKS = YES;
				GCC_WARN_64_TO_32_BIT_CONVERSION = YES;
				GCC_WARN_ABOUT_RETURN_TYPE = YES_ERROR;
				GCC_WARN_UNDECLARED_SELECTOR = YES;
				GCC_WARN_UNINITIALIZED_AUTOS = YES_AGGRESSIVE;
				GCC_WARN_UNUSED_FUNCTION = YES;
				GCC_WARN_UNUSED_VARIABLE = YES;
				MACOSX_DEPLOYMENT_TARGET = 13.1;
				MTL_ENABLE_DEBUG_INFO = NO;
				MTL_FAST_MATH = YES;
				SDKROOT = macosx;
				SWIFT_COMPILATION_MODE = wholemodule;
				SWIFT_OPTIMIZATION_LEVEL = "-O";
			};
			name = Release;
		};
		4063FF0829CF7E1B008A014C /* Debug */ = {
			isa = XCBuildConfiguration;
			buildSettings = {
				ASSETCATALOG_COMPILER_APPICON_NAME = AppIcon;
				ASSETCATALOG_COMPILER_GLOBAL_ACCENT_COLOR_NAME = AccentColor;
				CODE_SIGN_ENTITLEMENTS = PCBDesignPresentation/PCBDesignPresentation.entitlements;
				CODE_SIGN_STYLE = Automatic;
				COMBINE_HIDPI_IMAGES = YES;
				CURRENT_PROJECT_VERSION = 1;
				DEAD_CODE_STRIPPING = YES;
				DEVELOPMENT_ASSET_PATHS = "\"PCBDesignPresentation/Preview Content\"";
				DEVELOPMENT_TEAM = 84WPVNZ8GM;
				ENABLE_HARDENED_RUNTIME = YES;
				ENABLE_PREVIEWS = YES;
				GENERATE_INFOPLIST_FILE = YES;
				INFOPLIST_KEY_NSHumanReadableCopyright = "";
				LD_RUNPATH_SEARCH_PATHS = (
					"$(inherited)",
					"@executable_path/../Frameworks",
				);
				MARKETING_VERSION = 1.0;
				PRODUCT_BUNDLE_IDENTIFIER = AdinAck.PCBDesignPresentation;
				PRODUCT_NAME = "$(TARGET_NAME)";
				SWIFT_EMIT_LOC_STRINGS = YES;
				SWIFT_VERSION = 5.0;
			};
			name = Debug;
		};
		4063FF0929CF7E1B008A014C /* Release */ = {
			isa = XCBuildConfiguration;
			buildSettings = {
				ASSETCATALOG_COMPILER_APPICON_NAME = AppIcon;
				ASSETCATALOG_COMPILER_GLOBAL_ACCENT_COLOR_NAME = AccentColor;
				CODE_SIGN_ENTITLEMENTS = PCBDesignPresentation/PCBDesignPresentation.entitlements;
				CODE_SIGN_STYLE = Automatic;
				COMBINE_HIDPI_IMAGES = YES;
				CURRENT_PROJECT_VERSION = 1;
				DEAD_CODE_STRIPPING = YES;
				DEVELOPMENT_ASSET_PATHS = "\"PCBDesignPresentation/Preview Content\"";
				DEVELOPMENT_TEAM = 84WPVNZ8GM;
				ENABLE_HARDENED_RUNTIME = YES;
				ENABLE_PREVIEWS = YES;
				GENERATE_INFOPLIST_FILE = YES;
				INFOPLIST_KEY_NSHumanReadableCopyright = "";
				LD_RUNPATH_SEARCH_PATHS = (
					"$(inherited)",
					"@executable_path/../Frameworks",
				);
				MARKETING_VERSION = 1.0;
				PRODUCT_BUNDLE_IDENTIFIER = AdinAck.PCBDesignPresentation;
				PRODUCT_NAME = "$(TARGET_NAME)";
				SWIFT_EMIT_LOC_STRINGS = YES;
				SWIFT_VERSION = 5.0;
			};
			name = Release;
		};
/* End XCBuildConfiguration section */

/* Begin XCConfigurationList section */
		4063FEF329CF7E1B008A014C /* Build configuration list for PBXProject "PCBDesignPresentation" */ = {
			isa = XCConfigurationList;
			buildConfigurations = (
				4063FF0529CF7E1B008A014C /* Debug */,
				4063FF0629CF7E1B008A014C /* Release */,
			);
			defaultConfigurationIsVisible = 0;
			defaultConfigurationName = Release;
		};
		4063FF0729CF7E1B008A014C /* Build configuration list for PBXNativeTarget "PCBDesignPresentation" */ = {
			isa = XCConfigurationList;
			buildConfigurations = (
				4063FF0829CF7E1B008A014C /* Debug */,
				4063FF0929CF7E1B008A014C /* Release */,
			);
			defaultConfigurationIsVisible = 0;
			defaultConfigurationName = Release;
		};
/* End XCConfigurationList section */
	};
	rootObject = 4063FEF029CF7E1B008A014C /* Project object */;
}
